
Microsoft Visual Studio Solution File, Format Version 12.00
# Visual Studio Version 16
VisualStudioVersion = 16.0.29123.88
MinimumVisualStudioVersion = 10.0.40219.1
Project("{9A19103F-16F7-4668-BE54-9A1E7A4F7556}") = "MVCTest", "MVCTest\MVCTest.csproj", "{1B108AD7-FDFD-4F0A-877E-C18770966501}"
EndProject
Project("{9A19103F-16F7-4668-BE54-9A1E7A4F7556}") = "Tictactoe", "..\Tictactoe\Tictactoe\Tictactoe.csproj", "{A11FD9C2-90CC-4233-B2FD-C15328EA4F1A}"
EndProject
Global
	GlobalSection(SolutionConfigurationPlatforms) = preSolution
		Debug|Any CPU = Debug|Any CPU
		Release|Any CPU = Release|Any CPU
	EndGlobalSection
	GlobalSection(ProjectConfigurationPlatforms) = postSolution
		{1B108AD7-FDFD-4F0A-877E-C18770966501}.Debug|Any CPU.ActiveCfg = Debug|Any CPU
		{1B108AD7-FDFD-4F0A-877E-C18770966501}.Debug|Any CPU.Build.0 = Debug|Any CPU
		{1B108AD7-FDFD-4F0A-877E-C18770966501}.Release|Any CPU.ActiveCfg = Release|Any CPU
		{1B108AD7-FDFD-4F0A-877E-C18770966501}.Release|Any CPU.Build.0 = Release|Any CPU
		{A11FD9C2-90CC-4233-B2FD-C15328EA4F1A}.Debug|Any CPU.ActiveCfg = Debug|Any CPU
		{A11FD9C2-90CC-4233-B2FD-C15328EA4F1A}.Debug|Any CPU.Build.0 = Debug|Any CPU
		{A11FD9C2-90CC-4233-B2FD-C15328EA4F1A}.Release|Any CPU.ActiveCfg = Release|Any CPU
		{A11FD9C2-90CC-4233-B2FD-C15328EA4F1A}.Release|Any CPU.Build.0 = Release|Any CPU
	EndGlobalSection
	GlobalSection(SolutionProperties) = preSolution
		HideSolutionNode = FALSE
	EndGlobalSection
	GlobalSection(ExtensibilityGlobals) = postSolution
		SolutionGuid = {DED0CE77-8293-4110-8F90-0C4BA38597F7}
	EndGlobalSection
EndGlobal
